
Microsoft Visual Studio Solution File, Format Version 12.00
# Visual Studio 15
VisualStudioVersion = 15.0.27703.2042
MinimumVisualStudioVersion = 10.0.40219.1
Project("{FAE04EC0-301F-11D3-BF4B-00C04F79EFBC}") = "LinearRegression", "LinearRegression\LinearRegression.csproj", "{806F21FC-D9B1-4935-9CFD-C124D4A2331B}"
EndProject
Global
	GlobalSection(SolutionConfigurationPlatforms) = preSolution
		Debug|Any CPU = Debug|Any CPU
		Release|Any CPU = Release|Any CPU
	EndGlobalSection
	GlobalSection(ProjectConfigurationPlatforms) = postSolution
		{806F21FC-D9B1-4935-9CFD-C124D4A2331B}.Debug|Any CPU.ActiveCfg = Debug|Any CPU
		{806F21FC-D9B1-4935-9CFD-C124D4A2331B}.Debug|Any CPU.Build.0 = Debug|Any CPU
		{806F21FC-D9B1-4935-9CFD-C124D4A2331B}.Release|Any CPU.ActiveCfg = Release|Any CPU
		{806F21FC-D9B1-4935-9CFD-C124D4A2331B}.Release|Any CPU.Build.0 = Release|Any CPU
	EndGlobalSection
	GlobalSection(SolutionProperties) = preSolution
		HideSolutionNode = FALSE
	EndGlobalSection
	GlobalSection(ExtensibilityGlobals) = postSolution
		SolutionGuid = {8EDDBE0D-96B6-4169-B13C-8D8E321E42A6}
	EndGlobalSection
EndGlobal
